// !$*UTF8*$!
{
	archiveVersion = 1;
	classes = {
	};
	objectVersion = 63;
	objects = {

/* Begin PBXBuildFile section */
		007DC920B00E7EA9C35A78D0 /* PythonBridgeTests.swift in Sources */ = {isa = PBXBuildFile; fileRef = 7239D9E02F0325132C215688 /* PythonBridgeTests.swift */; };
		0B4405965E928B07131C0F13 /* LabelBandData.swift in Sources */ = {isa = PBXBuildFile; fileRef = 247437215C5CC2969FB24818 /* LabelBandData.swift */; };
		12F1E3A39BB5D835D99DFC09 /* ClipboardParser.swift in Sources */ = {isa = PBXBuildFile; fileRef = CC012784901AF5375E37CF5C /* ClipboardParser.swift */; };
		143032EC3C2116A0EE408084 /* RangeParserTests.swift in Sources */ = {isa = PBXBuildFile; fileRef = 4B684243D5DD572E453B014C /* RangeParserTests.swift */; };
		1BE775B41FA8F5C10C075702 /* CanvasViewModel.swift in Sources */ = {isa = PBXBuildFile; fileRef = 5E96D26742C86692E8604981 /* CanvasViewModel.swift */; };
		1C0713CEEC4C7655AE7F6D85 /* PythonEngineClient.swift in Sources */ = {isa = PBXBuildFile; fileRef = AC1CA7E95215CC9145250290 /* PythonEngineClient.swift */; };
		23DE5EA9C617A0EE2DC94741 /* CanvasViewModelTests.swift in Sources */ = {isa = PBXBuildFile; fileRef = 0F57A3C1E265586650B02102 /* CanvasViewModelTests.swift */; };
		2862798CD87A8DF77BFF9626 /* GridIndexingTests.swift in Sources */ = {isa = PBXBuildFile; fileRef = 83AED9256F065BF56EFB8B06 /* GridIndexingTests.swift */; };
		2BEB6238E61CA1A9B7FFFA2C /* Rect.swift in Sources */ = {isa = PBXBuildFile; fileRef = 848A74834C9B64BB2A3A5C11 /* Rect.swift */; };
		2DCBF4E938848506A9521557 /* ProjectPersistenceTests.swift in Sources */ = {isa = PBXBuildFile; fileRef = 5EAA79420ED777620903983F /* ProjectPersistenceTests.swift */; };
		35E461CD85342AC6994593F2 /* TableModelTests.swift in Sources */ = {isa = PBXBuildFile; fileRef = D46AEC1D12CF44EF8FD542D0 /* TableModelTests.swift */; };
		3E472ECE5A10DDEB37AE75B6 /* NummernApp.swift in Sources */ = {isa = PBXBuildFile; fileRef = DCFA7B0009EDEEDB9A88C0D4 /* NummernApp.swift */; };
		4BBE9833E24005E38FBF8558 /* TableNamingTests.swift in Sources */ = {isa = PBXBuildFile; fileRef = FC2AA4346C212D960F7A074A /* TableNamingTests.swift */; };
		4C71A36EAF618CE4C1926EAB /* ContentView.swift in Sources */ = {isa = PBXBuildFile; fileRef = 35231066F4D104796642FF38 /* ContentView.swift */; };
		4E3133FE111436B4AA335EA6 /* RangeParser.swift in Sources */ = {isa = PBXBuildFile; fileRef = CDE0AAB5B269E0057CC9EC67 /* RangeParser.swift */; };
		5518E63FAFC03F62581E9282 /* TransactionManager.swift in Sources */ = {isa = PBXBuildFile; fileRef = 1676FCC88696E991DCC95B4F /* TransactionManager.swift */; };
		5779FA418579A5857DBE7D71 /* Command.swift in Sources */ = {isa = PBXBuildFile; fileRef = 66A2EF042D0FAB77F6BF4843 /* Command.swift */; };
		5ADA0B95FDF5AF67C5F73DD7 /* CellSelection.swift in Sources */ = {isa = PBXBuildFile; fileRef = 4B2DC09D40BD60BA2849E1EE /* CellSelection.swift */; };
		5AED8B6972872050C89B19D1 /* FormulaSpec.swift in Sources */ = {isa = PBXBuildFile; fileRef = D9EDC9D8B1E1E5C904FC8B0A /* FormulaSpec.swift */; };
		6042EC4A04847341BBFABB89 /* ProjectStore.swift in Sources */ = {isa = PBXBuildFile; fileRef = DF7B64F552EBAC3CC91EE4A0 /* ProjectStore.swift */; };
		61CCEEA79A9B65BF3FDD26AF /* CellEditTests.swift in Sources */ = {isa = PBXBuildFile; fileRef = 38B6698C8AADC65E9DF27769 /* CellEditTests.swift */; };
		6CDF0D8474B4B166CEA93E93 /* CellValue.swift in Sources */ = {isa = PBXBuildFile; fileRef = B2E923F4F4C1A8BB56932C00 /* CellValue.swift */; };
		7373D82DBD234A48B895BD47 /* CommandApplyTests.swift in Sources */ = {isa = PBXBuildFile; fileRef = 6300FAA3CFD8B34F9AF41F8F /* CommandApplyTests.swift */; };
		7E4F63FABD3A3B823F8F6B6D /* LabelBandTests.swift in Sources */ = {isa = PBXBuildFile; fileRef = 4BA462D362C2BA540F077224 /* LabelBandTests.swift */; };
		86E965BEDCB0FD026920A7DA /* TransactionManagerTests.swift in Sources */ = {isa = PBXBuildFile; fileRef = 92C7767C155DC4ECE3B70378 /* TransactionManagerTests.swift */; };
		8DC6F51903CA527B6D9E7642 /* ProjectModel.swift in Sources */ = {isa = PBXBuildFile; fileRef = B8B56862FEFAFB6F8392487F /* ProjectModel.swift */; };
		8F29DDF933107F09D1A05D48 /* ModelID.swift in Sources */ = {isa = PBXBuildFile; fileRef = F9BCD5355B35385CFC67DF43 /* ModelID.swift */; };
		8FD721392AC59A3B11570C92 /* FormulaSerializationTests.swift in Sources */ = {isa = PBXBuildFile; fileRef = C7C455267E8B49A07DBCA6C2 /* FormulaSerializationTests.swift */; };
		94C4CC6CD5CE95F8575C72AD /* ProjectFile.swift in Sources */ = {isa = PBXBuildFile; fileRef = 41B82F4A255B7DAB418255A4 /* ProjectFile.swift */; };
		9B6BB63EF5028E5A1E7E8856 /* PythonLogNormalizerTests.swift in Sources */ = {isa = PBXBuildFile; fileRef = 3FD4CA192DBB5DE398AE9397 /* PythonLogNormalizerTests.swift */; };
		9E6E5B0CCC53DC42BA0B23DC /* TableCellOverlay.swift in Sources */ = {isa = PBXBuildFile; fileRef = 57B7269A8B202FB503AE4F0A /* TableCellOverlay.swift */; };
		A34D99D8600E93D43FC83220 /* TableGridView.swift in Sources */ = {isa = PBXBuildFile; fileRef = A0ED0D1C4A2A81742A18D33F /* TableGridView.swift */; };
		A7D3F3AD20BBB2B88BFAB9EF /* ColumnDataType.swift in Sources */ = {isa = PBXBuildFile; fileRef = 5F09F00E3BB064A164E1DD75 /* ColumnDataType.swift */; };
		A82FD8D7B24AD47B6A57C253 /* LabelBands.swift in Sources */ = {isa = PBXBuildFile; fileRef = D83AA4FCCDD1D7029D61101C /* LabelBands.swift */; };
		A923BD2EDDA6AE387C1E4840 /* CommandHistory.swift in Sources */ = {isa = PBXBuildFile; fileRef = D8B703FB5092F617A340F6C2 /* CommandHistory.swift */; };
		A93BE7E2C6B7FF09E348C959 /* NummernDocument.swift in Sources */ = {isa = PBXBuildFile; fileRef = 9D0BB9BA53EC49F3671905B1 /* NummernDocument.swift */; };
		AA3E5A4FCF43048050C6A528 /* CommandTypes.swift in Sources */ = {isa = PBXBuildFile; fileRef = 262FADB3F6F55F753C35CCA0 /* CommandTypes.swift */; };
		AF1C142429BCD82C8A900BB2 /* CanvasView.swift in Sources */ = {isa = PBXBuildFile; fileRef = D9F53315EB6A192D34ACF893 /* CanvasView.swift */; };
		B4E72779647944C948964B1C /* ProjectModelTests.swift in Sources */ = {isa = PBXBuildFile; fileRef = B97715C7F3E4B6DBFB3C0D36 /* ProjectModelTests.swift */; };
		C30C534A48A306701490610B /* CommandSerializationTests.swift in Sources */ = {isa = PBXBuildFile; fileRef = FD2B155F6774B3FF74B71260 /* CommandSerializationTests.swift */; };
		C7CA1C4EC164B823B41C73F4 /* GridSpec.swift in Sources */ = {isa = PBXBuildFile; fileRef = 9A449A0D60042794DDBB4C2F /* GridSpec.swift */; };
		CB123334DA217976C8A8A95D /* FormulaHighlightState.swift in Sources */ = {isa = PBXBuildFile; fileRef = B67A8CCC2F60DADC903B3FE1 /* FormulaHighlightState.swift */; };
		CC53D32CD24C0388FE32FDD9 /* SheetModel.swift in Sources */ = {isa = PBXBuildFile; fileRef = 3DC8BFE6A5B0A659DD026F58 /* SheetModel.swift */; };
		CE65C31521B34C61110917ED /* PythonLiteralEncoder.swift in Sources */ = {isa = PBXBuildFile; fileRef = BD28D465DC70C7617BFEC62F /* PythonLiteralEncoder.swift */; };
		E4624504F8A13197D4926BE4 /* TableModel.swift in Sources */ = {isa = PBXBuildFile; fileRef = F63BF5DB9B3A405D04E20CC5 /* TableModel.swift */; };
		E7A1DCA9B2038178B037135F /* FormulaTextEditor.swift in Sources */ = {isa = PBXBuildFile; fileRef = 1E85FA15457FAF2B56AFE9C8 /* FormulaTextEditor.swift */; };
		ED14A3EA839D73CCD8AD873D /* CanvasObject.swift in Sources */ = {isa = PBXBuildFile; fileRef = 0C293E8112BB1FDDD5D6393B /* CanvasObject.swift */; };
		F201453C36AC12AA7503454A /* GridLayoutCalculator.swift in Sources */ = {isa = PBXBuildFile; fileRef = 6DE983BB66412136FAAB2E74 /* GridLayoutCalculator.swift */; };
		F2721778DFDD0D7E4A8AA776 /* Assets.xcassets in Resources */ = {isa = PBXBuildFile; fileRef = DF4DFC8BA610B026B324FE89 /* Assets.xcassets */; };
		FA314B3EAF11ADDAEBC1A8F5 /* TypeInferenceTests.swift in Sources */ = {isa = PBXBuildFile; fileRef = 0D4585FB1906D3CE198A72F2 /* TypeInferenceTests.swift */; };
		FCC987B218C475E1F73688ED /* RangeValue.swift in Sources */ = {isa = PBXBuildFile; fileRef = 22E96DE31E8300F89C1ED797 /* RangeValue.swift */; };
		FD2354CBF3D5EB4F5A2DBD44 /* CanvasGridSizing.swift in Sources */ = {isa = PBXBuildFile; fileRef = AB11C76093EA975F53887235 /* CanvasGridSizing.swift */; };
/* End PBXBuildFile section */

/* Begin PBXContainerItemProxy section */
		1DAA9B1FBD037BB34ACF8872 /* PBXContainerItemProxy */ = {
			isa = PBXContainerItemProxy;
			containerPortal = D5B9F4130D210E6938972F7B /* Project object */;
			proxyType = 1;
			remoteGlobalIDString = 8E2933E2EDB3A3DFBB79270A;
			remoteInfo = Nummern;
		};
/* End PBXContainerItemProxy section */

/* Begin PBXFileReference section */
		03AA6410B8450253CC842448 /* NummernTests.xctest */ = {isa = PBXFileReference; explicitFileType = wrapper.cfbundle; includeInIndex = 0; path = NummernTests.xctest; sourceTree = BUILT_PRODUCTS_DIR; };
		0C293E8112BB1FDDD5D6393B /* CanvasObject.swift */ = {isa = PBXFileReference; lastKnownFileType = sourcecode.swift; path = CanvasObject.swift; sourceTree = "<group>"; };
		0D4585FB1906D3CE198A72F2 /* TypeInferenceTests.swift */ = {isa = PBXFileReference; lastKnownFileType = sourcecode.swift; path = TypeInferenceTests.swift; sourceTree = "<group>"; };
		0F57A3C1E265586650B02102 /* CanvasViewModelTests.swift */ = {isa = PBXFileReference; lastKnownFileType = sourcecode.swift; path = CanvasViewModelTests.swift; sourceTree = "<group>"; };
		1676FCC88696E991DCC95B4F /* TransactionManager.swift */ = {isa = PBXFileReference; lastKnownFileType = sourcecode.swift; path = TransactionManager.swift; sourceTree = "<group>"; };
		1E85FA15457FAF2B56AFE9C8 /* FormulaTextEditor.swift */ = {isa = PBXFileReference; lastKnownFileType = sourcecode.swift; path = FormulaTextEditor.swift; sourceTree = "<group>"; };
		22E96DE31E8300F89C1ED797 /* RangeValue.swift */ = {isa = PBXFileReference; lastKnownFileType = sourcecode.swift; path = RangeValue.swift; sourceTree = "<group>"; };
		247437215C5CC2969FB24818 /* LabelBandData.swift */ = {isa = PBXFileReference; lastKnownFileType = sourcecode.swift; path = LabelBandData.swift; sourceTree = "<group>"; };
		262FADB3F6F55F753C35CCA0 /* CommandTypes.swift */ = {isa = PBXFileReference; lastKnownFileType = sourcecode.swift; path = CommandTypes.swift; sourceTree = "<group>"; };
		35231066F4D104796642FF38 /* ContentView.swift */ = {isa = PBXFileReference; lastKnownFileType = sourcecode.swift; path = ContentView.swift; sourceTree = "<group>"; };
		38B6698C8AADC65E9DF27769 /* CellEditTests.swift */ = {isa = PBXFileReference; lastKnownFileType = sourcecode.swift; path = CellEditTests.swift; sourceTree = "<group>"; };
		3DC8BFE6A5B0A659DD026F58 /* SheetModel.swift */ = {isa = PBXFileReference; lastKnownFileType = sourcecode.swift; path = SheetModel.swift; sourceTree = "<group>"; };
		3FD4CA192DBB5DE398AE9397 /* PythonLogNormalizerTests.swift */ = {isa = PBXFileReference; lastKnownFileType = sourcecode.swift; path = PythonLogNormalizerTests.swift; sourceTree = "<group>"; };
		41B82F4A255B7DAB418255A4 /* ProjectFile.swift */ = {isa = PBXFileReference; lastKnownFileType = sourcecode.swift; path = ProjectFile.swift; sourceTree = "<group>"; };
		4B2DC09D40BD60BA2849E1EE /* CellSelection.swift */ = {isa = PBXFileReference; lastKnownFileType = sourcecode.swift; path = CellSelection.swift; sourceTree = "<group>"; };
		4B684243D5DD572E453B014C /* RangeParserTests.swift */ = {isa = PBXFileReference; lastKnownFileType = sourcecode.swift; path = RangeParserTests.swift; sourceTree = "<group>"; };
		4BA462D362C2BA540F077224 /* LabelBandTests.swift */ = {isa = PBXFileReference; lastKnownFileType = sourcecode.swift; path = LabelBandTests.swift; sourceTree = "<group>"; };
		57B7269A8B202FB503AE4F0A /* TableCellOverlay.swift */ = {isa = PBXFileReference; lastKnownFileType = sourcecode.swift; path = TableCellOverlay.swift; sourceTree = "<group>"; };
		5E96D26742C86692E8604981 /* CanvasViewModel.swift */ = {isa = PBXFileReference; lastKnownFileType = sourcecode.swift; path = CanvasViewModel.swift; sourceTree = "<group>"; };
		5EAA79420ED777620903983F /* ProjectPersistenceTests.swift */ = {isa = PBXFileReference; lastKnownFileType = sourcecode.swift; path = ProjectPersistenceTests.swift; sourceTree = "<group>"; };
		5F09F00E3BB064A164E1DD75 /* ColumnDataType.swift */ = {isa = PBXFileReference; lastKnownFileType = sourcecode.swift; path = ColumnDataType.swift; sourceTree = "<group>"; };
		6300FAA3CFD8B34F9AF41F8F /* CommandApplyTests.swift */ = {isa = PBXFileReference; lastKnownFileType = sourcecode.swift; path = CommandApplyTests.swift; sourceTree = "<group>"; };
		66A2EF042D0FAB77F6BF4843 /* Command.swift */ = {isa = PBXFileReference; lastKnownFileType = sourcecode.swift; path = Command.swift; sourceTree = "<group>"; };
		6DE983BB66412136FAAB2E74 /* GridLayoutCalculator.swift */ = {isa = PBXFileReference; lastKnownFileType = sourcecode.swift; path = GridLayoutCalculator.swift; sourceTree = "<group>"; };
		7239D9E02F0325132C215688 /* PythonBridgeTests.swift */ = {isa = PBXFileReference; lastKnownFileType = sourcecode.swift; path = PythonBridgeTests.swift; sourceTree = "<group>"; };
		83AED9256F065BF56EFB8B06 /* GridIndexingTests.swift */ = {isa = PBXFileReference; lastKnownFileType = sourcecode.swift; path = GridIndexingTests.swift; sourceTree = "<group>"; };
		848A74834C9B64BB2A3A5C11 /* Rect.swift */ = {isa = PBXFileReference; lastKnownFileType = sourcecode.swift; path = Rect.swift; sourceTree = "<group>"; };
		92C7767C155DC4ECE3B70378 /* TransactionManagerTests.swift */ = {isa = PBXFileReference; lastKnownFileType = sourcecode.swift; path = TransactionManagerTests.swift; sourceTree = "<group>"; };
		9A449A0D60042794DDBB4C2F /* GridSpec.swift */ = {isa = PBXFileReference; lastKnownFileType = sourcecode.swift; path = GridSpec.swift; sourceTree = "<group>"; };
		9D0BB9BA53EC49F3671905B1 /* NummernDocument.swift */ = {isa = PBXFileReference; lastKnownFileType = sourcecode.swift; path = NummernDocument.swift; sourceTree = "<group>"; };
		A0ED0D1C4A2A81742A18D33F /* TableGridView.swift */ = {isa = PBXFileReference; lastKnownFileType = sourcecode.swift; path = TableGridView.swift; sourceTree = "<group>"; };
		AB11C76093EA975F53887235 /* CanvasGridSizing.swift */ = {isa = PBXFileReference; lastKnownFileType = sourcecode.swift; path = CanvasGridSizing.swift; sourceTree = "<group>"; };
		AC1CA7E95215CC9145250290 /* PythonEngineClient.swift */ = {isa = PBXFileReference; lastKnownFileType = sourcecode.swift; path = PythonEngineClient.swift; sourceTree = "<group>"; };
		B2E923F4F4C1A8BB56932C00 /* CellValue.swift */ = {isa = PBXFileReference; lastKnownFileType = sourcecode.swift; path = CellValue.swift; sourceTree = "<group>"; };
		B67A8CCC2F60DADC903B3FE1 /* FormulaHighlightState.swift */ = {isa = PBXFileReference; lastKnownFileType = sourcecode.swift; path = FormulaHighlightState.swift; sourceTree = "<group>"; };
		B8B56862FEFAFB6F8392487F /* ProjectModel.swift */ = {isa = PBXFileReference; lastKnownFileType = sourcecode.swift; path = ProjectModel.swift; sourceTree = "<group>"; };
		B97715C7F3E4B6DBFB3C0D36 /* ProjectModelTests.swift */ = {isa = PBXFileReference; lastKnownFileType = sourcecode.swift; path = ProjectModelTests.swift; sourceTree = "<group>"; };
		BD28D465DC70C7617BFEC62F /* PythonLiteralEncoder.swift */ = {isa = PBXFileReference; lastKnownFileType = sourcecode.swift; path = PythonLiteralEncoder.swift; sourceTree = "<group>"; };
		C7C455267E8B49A07DBCA6C2 /* FormulaSerializationTests.swift */ = {isa = PBXFileReference; lastKnownFileType = sourcecode.swift; path = FormulaSerializationTests.swift; sourceTree = "<group>"; };
		CC012784901AF5375E37CF5C /* ClipboardParser.swift */ = {isa = PBXFileReference; lastKnownFileType = sourcecode.swift; path = ClipboardParser.swift; sourceTree = "<group>"; };
		CDE0AAB5B269E0057CC9EC67 /* RangeParser.swift */ = {isa = PBXFileReference; lastKnownFileType = sourcecode.swift; path = RangeParser.swift; sourceTree = "<group>"; };
		D46AEC1D12CF44EF8FD542D0 /* TableModelTests.swift */ = {isa = PBXFileReference; lastKnownFileType = sourcecode.swift; path = TableModelTests.swift; sourceTree = "<group>"; };
		D83AA4FCCDD1D7029D61101C /* LabelBands.swift */ = {isa = PBXFileReference; lastKnownFileType = sourcecode.swift; path = LabelBands.swift; sourceTree = "<group>"; };
		D8B703FB5092F617A340F6C2 /* CommandHistory.swift */ = {isa = PBXFileReference; lastKnownFileType = sourcecode.swift; path = CommandHistory.swift; sourceTree = "<group>"; };
		D9EDC9D8B1E1E5C904FC8B0A /* FormulaSpec.swift */ = {isa = PBXFileReference; lastKnownFileType = sourcecode.swift; path = FormulaSpec.swift; sourceTree = "<group>"; };
		D9F53315EB6A192D34ACF893 /* CanvasView.swift */ = {isa = PBXFileReference; lastKnownFileType = sourcecode.swift; path = CanvasView.swift; sourceTree = "<group>"; };
		DCFA7B0009EDEEDB9A88C0D4 /* NummernApp.swift */ = {isa = PBXFileReference; lastKnownFileType = sourcecode.swift; path = NummernApp.swift; sourceTree = "<group>"; };
		DF4DFC8BA610B026B324FE89 /* Assets.xcassets */ = {isa = PBXFileReference; lastKnownFileType = folder.assetcatalog; path = Assets.xcassets; sourceTree = "<group>"; };
		DF7B64F552EBAC3CC91EE4A0 /* ProjectStore.swift */ = {isa = PBXFileReference; lastKnownFileType = sourcecode.swift; path = ProjectStore.swift; sourceTree = "<group>"; };
		F63BF5DB9B3A405D04E20CC5 /* TableModel.swift */ = {isa = PBXFileReference; lastKnownFileType = sourcecode.swift; path = TableModel.swift; sourceTree = "<group>"; };
		F94ADEA377BFD4CC45042A25 /* Nummern.app */ = {isa = PBXFileReference; explicitFileType = wrapper.application; includeInIndex = 0; path = Nummern.app; sourceTree = BUILT_PRODUCTS_DIR; };
		F9BCD5355B35385CFC67DF43 /* ModelID.swift */ = {isa = PBXFileReference; lastKnownFileType = sourcecode.swift; path = ModelID.swift; sourceTree = "<group>"; };
		FC2AA4346C212D960F7A074A /* TableNamingTests.swift */ = {isa = PBXFileReference; lastKnownFileType = sourcecode.swift; path = TableNamingTests.swift; sourceTree = "<group>"; };
		FD2B155F6774B3FF74B71260 /* CommandSerializationTests.swift */ = {isa = PBXFileReference; lastKnownFileType = sourcecode.swift; path = CommandSerializationTests.swift; sourceTree = "<group>"; };
/* End PBXFileReference section */

/* Begin PBXGroup section */
		1D5F00EF88CC6ABC2002D69F /* Python */ = {
			isa = PBXGroup;
			children = (
				AC1CA7E95215CC9145250290 /* PythonEngineClient.swift */,
			);
			path = Python;
			sourceTree = "<group>";
		};
		3BDE1549680B5CF992A6BC9B /* Nummern */ = {
			isa = PBXGroup;
			children = (
				DF4DFC8BA610B026B324FE89 /* Assets.xcassets */,
				35231066F4D104796642FF38 /* ContentView.swift */,
				DCFA7B0009EDEEDB9A88C0D4 /* NummernApp.swift */,
				9D0BB9BA53EC49F3671905B1 /* NummernDocument.swift */,
				8E611E3B2EF5C2CDFBEC5926 /* Canvas */,
				9DDDC048ABE88BCA8ABE8179 /* Commands */,
				6A8D4D78E87EF9086A6E67A3 /* Grid */,
				B4CBF0ADCE1994BB6F33B8B7 /* Model */,
				1D5F00EF88CC6ABC2002D69F /* Python */,
			);
			path = Nummern;
			sourceTree = "<group>";
		};
		5F1D48734800B726668BA0D4 = {
			isa = PBXGroup;
			children = (
				3BDE1549680B5CF992A6BC9B /* Nummern */,
				921E28C28FE3E9C5102A5C57 /* NummernTests */,
				91C3558B4F2D77B51E2A1270 /* Products */,
			);
			sourceTree = "<group>";
		};
		6A8D4D78E87EF9086A6E67A3 /* Grid */ = {
			isa = PBXGroup;
			children = (
				CC012784901AF5375E37CF5C /* ClipboardParser.swift */,
				6DE983BB66412136FAAB2E74 /* GridLayoutCalculator.swift */,
				CDE0AAB5B269E0057CC9EC67 /* RangeParser.swift */,
			);
			path = Grid;
			sourceTree = "<group>";
		};
		8E611E3B2EF5C2CDFBEC5926 /* Canvas */ = {
			isa = PBXGroup;
			children = (
				AB11C76093EA975F53887235 /* CanvasGridSizing.swift */,
				D9F53315EB6A192D34ACF893 /* CanvasView.swift */,
				5E96D26742C86692E8604981 /* CanvasViewModel.swift */,
				4B2DC09D40BD60BA2849E1EE /* CellSelection.swift */,
				B67A8CCC2F60DADC903B3FE1 /* FormulaHighlightState.swift */,
				1E85FA15457FAF2B56AFE9C8 /* FormulaTextEditor.swift */,
				57B7269A8B202FB503AE4F0A /* TableCellOverlay.swift */,
				A0ED0D1C4A2A81742A18D33F /* TableGridView.swift */,
			);
			path = Canvas;
			sourceTree = "<group>";
		};
		91C3558B4F2D77B51E2A1270 /* Products */ = {
			isa = PBXGroup;
			children = (
				F94ADEA377BFD4CC45042A25 /* Nummern.app */,
				03AA6410B8450253CC842448 /* NummernTests.xctest */,
			);
			name = Products;
			sourceTree = "<group>";
		};
		921E28C28FE3E9C5102A5C57 /* NummernTests */ = {
			isa = PBXGroup;
			children = (
				0F57A3C1E265586650B02102 /* CanvasViewModelTests.swift */,
				38B6698C8AADC65E9DF27769 /* CellEditTests.swift */,
				6300FAA3CFD8B34F9AF41F8F /* CommandApplyTests.swift */,
				FD2B155F6774B3FF74B71260 /* CommandSerializationTests.swift */,
				C7C455267E8B49A07DBCA6C2 /* FormulaSerializationTests.swift */,
				83AED9256F065BF56EFB8B06 /* GridIndexingTests.swift */,
				4BA462D362C2BA540F077224 /* LabelBandTests.swift */,
				B97715C7F3E4B6DBFB3C0D36 /* ProjectModelTests.swift */,
				5EAA79420ED777620903983F /* ProjectPersistenceTests.swift */,
				7239D9E02F0325132C215688 /* PythonBridgeTests.swift */,
				3FD4CA192DBB5DE398AE9397 /* PythonLogNormalizerTests.swift */,
				4B684243D5DD572E453B014C /* RangeParserTests.swift */,
				D46AEC1D12CF44EF8FD542D0 /* TableModelTests.swift */,
				FC2AA4346C212D960F7A074A /* TableNamingTests.swift */,
				92C7767C155DC4ECE3B70378 /* TransactionManagerTests.swift */,
				0D4585FB1906D3CE198A72F2 /* TypeInferenceTests.swift */,
			);
			path = NummernTests;
			sourceTree = "<group>";
		};
		9DDDC048ABE88BCA8ABE8179 /* Commands */ = {
			isa = PBXGroup;
			children = (
				66A2EF042D0FAB77F6BF4843 /* Command.swift */,
				D8B703FB5092F617A340F6C2 /* CommandHistory.swift */,
				262FADB3F6F55F753C35CCA0 /* CommandTypes.swift */,
				BD28D465DC70C7617BFEC62F /* PythonLiteralEncoder.swift */,
				1676FCC88696E991DCC95B4F /* TransactionManager.swift */,
			);
			path = Commands;
			sourceTree = "<group>";
		};
		B4CBF0ADCE1994BB6F33B8B7 /* Model */ = {
			isa = PBXGroup;
			children = (
				0C293E8112BB1FDDD5D6393B /* CanvasObject.swift */,
				B2E923F4F4C1A8BB56932C00 /* CellValue.swift */,
				5F09F00E3BB064A164E1DD75 /* ColumnDataType.swift */,
				D9EDC9D8B1E1E5C904FC8B0A /* FormulaSpec.swift */,
				9A449A0D60042794DDBB4C2F /* GridSpec.swift */,
				247437215C5CC2969FB24818 /* LabelBandData.swift */,
				D83AA4FCCDD1D7029D61101C /* LabelBands.swift */,
				F9BCD5355B35385CFC67DF43 /* ModelID.swift */,
				41B82F4A255B7DAB418255A4 /* ProjectFile.swift */,
				B8B56862FEFAFB6F8392487F /* ProjectModel.swift */,
				DF7B64F552EBAC3CC91EE4A0 /* ProjectStore.swift */,
				22E96DE31E8300F89C1ED797 /* RangeValue.swift */,
				848A74834C9B64BB2A3A5C11 /* Rect.swift */,
				3DC8BFE6A5B0A659DD026F58 /* SheetModel.swift */,
				F63BF5DB9B3A405D04E20CC5 /* TableModel.swift */,
			);
			path = Model;
			sourceTree = "<group>";
		};
/* End PBXGroup section */

/* Begin PBXNativeTarget section */
		63AD9B066819E8F3572A950F /* NummernTests */ = {
			isa = PBXNativeTarget;
			buildConfigurationList = 5012D6A2B5BF5105A3382E9A /* Build configuration list for PBXNativeTarget "NummernTests" */;
			buildPhases = (
				30DA986362A81B4F240D9556 /* Sources */,
			);
			buildRules = (
			);
			dependencies = (
				B60084F205286E2C78B6499E /* PBXTargetDependency */,
			);
			name = NummernTests;
			packageProductDependencies = (
			);
			productName = NummernTests;
			productReference = 03AA6410B8450253CC842448 /* NummernTests.xctest */;
			productType = "com.apple.product-type.bundle.unit-test";
		};
		8E2933E2EDB3A3DFBB79270A /* Nummern */ = {
			isa = PBXNativeTarget;
			buildConfigurationList = B7BB0E3A0ACF995E106D60D6 /* Build configuration list for PBXNativeTarget "Nummern" */;
			buildPhases = (
				3E91204BE3830B6D1E405BFC /* Sources */,
				64790B4D60B18966FB12249F /* Resources */,
			);
			buildRules = (
			);
			dependencies = (
			);
			name = Nummern;
			packageProductDependencies = (
			);
			productName = Nummern;
			productReference = F94ADEA377BFD4CC45042A25 /* Nummern.app */;
			productType = "com.apple.product-type.application";
		};
/* End PBXNativeTarget section */

/* Begin PBXProject section */
		D5B9F4130D210E6938972F7B /* Project object */ = {
			isa = PBXProject;
			attributes = {
				BuildIndependentTargetsInParallel = YES;
				LastUpgradeCheck = 2620;
			};
			buildConfigurationList = DC24FFE1819AB1F443C47CE3 /* Build configuration list for PBXProject "Nummern" */;
			compatibilityVersion = "Xcode 14.0";
			developmentRegion = en;
			hasScannedForEncodings = 0;
			knownRegions = (
				Base,
				en,
			);
			mainGroup = 5F1D48734800B726668BA0D4;
			minimizedProjectReferenceProxies = 1;
			projectDirPath = "";
			projectRoot = "";
			targets = (
				8E2933E2EDB3A3DFBB79270A /* Nummern */,
				63AD9B066819E8F3572A950F /* NummernTests */,
			);
		};
/* End PBXProject section */

/* Begin PBXResourcesBuildPhase section */
		64790B4D60B18966FB12249F /* Resources */ = {
			isa = PBXResourcesBuildPhase;
			buildActionMask = 2147483647;
			files = (
				F2721778DFDD0D7E4A8AA776 /* Assets.xcassets in Resources */,
			);
			runOnlyForDeploymentPostprocessing = 0;
		};
/* End PBXResourcesBuildPhase section */

/* Begin PBXSourcesBuildPhase section */
		30DA986362A81B4F240D9556 /* Sources */ = {
			isa = PBXSourcesBuildPhase;
			buildActionMask = 2147483647;
			files = (
				23DE5EA9C617A0EE2DC94741 /* CanvasViewModelTests.swift in Sources */,
				61CCEEA79A9B65BF3FDD26AF /* CellEditTests.swift in Sources */,
				7373D82DBD234A48B895BD47 /* CommandApplyTests.swift in Sources */,
				C30C534A48A306701490610B /* CommandSerializationTests.swift in Sources */,
				8FD721392AC59A3B11570C92 /* FormulaSerializationTests.swift in Sources */,
				2862798CD87A8DF77BFF9626 /* GridIndexingTests.swift in Sources */,
				7E4F63FABD3A3B823F8F6B6D /* LabelBandTests.swift in Sources */,
				B4E72779647944C948964B1C /* ProjectModelTests.swift in Sources */,
				2DCBF4E938848506A9521557 /* ProjectPersistenceTests.swift in Sources */,
				007DC920B00E7EA9C35A78D0 /* PythonBridgeTests.swift in Sources */,
				9B6BB63EF5028E5A1E7E8856 /* PythonLogNormalizerTests.swift in Sources */,
				143032EC3C2116A0EE408084 /* RangeParserTests.swift in Sources */,
				35E461CD85342AC6994593F2 /* TableModelTests.swift in Sources */,
				4BBE9833E24005E38FBF8558 /* TableNamingTests.swift in Sources */,
				86E965BEDCB0FD026920A7DA /* TransactionManagerTests.swift in Sources */,
				FA314B3EAF11ADDAEBC1A8F5 /* TypeInferenceTests.swift in Sources */,
			);
			runOnlyForDeploymentPostprocessing = 0;
		};
		3E91204BE3830B6D1E405BFC /* Sources */ = {
			isa = PBXSourcesBuildPhase;
			buildActionMask = 2147483647;
			files = (
				FD2354CBF3D5EB4F5A2DBD44 /* CanvasGridSizing.swift in Sources */,
				ED14A3EA839D73CCD8AD873D /* CanvasObject.swift in Sources */,
				AF1C142429BCD82C8A900BB2 /* CanvasView.swift in Sources */,
				1BE775B41FA8F5C10C075702 /* CanvasViewModel.swift in Sources */,
				5ADA0B95FDF5AF67C5F73DD7 /* CellSelection.swift in Sources */,
				6CDF0D8474B4B166CEA93E93 /* CellValue.swift in Sources */,
				12F1E3A39BB5D835D99DFC09 /* ClipboardParser.swift in Sources */,
				A7D3F3AD20BBB2B88BFAB9EF /* ColumnDataType.swift in Sources */,
				5779FA418579A5857DBE7D71 /* Command.swift in Sources */,
				A923BD2EDDA6AE387C1E4840 /* CommandHistory.swift in Sources */,
				AA3E5A4FCF43048050C6A528 /* CommandTypes.swift in Sources */,
				4C71A36EAF618CE4C1926EAB /* ContentView.swift in Sources */,
				CB123334DA217976C8A8A95D /* FormulaHighlightState.swift in Sources */,
				5AED8B6972872050C89B19D1 /* FormulaSpec.swift in Sources */,
				E7A1DCA9B2038178B037135F /* FormulaTextEditor.swift in Sources */,
				F201453C36AC12AA7503454A /* GridLayoutCalculator.swift in Sources */,
				C7CA1C4EC164B823B41C73F4 /* GridSpec.swift in Sources */,
				0B4405965E928B07131C0F13 /* LabelBandData.swift in Sources */,
				A82FD8D7B24AD47B6A57C253 /* LabelBands.swift in Sources */,
				8F29DDF933107F09D1A05D48 /* ModelID.swift in Sources */,
				3E472ECE5A10DDEB37AE75B6 /* NummernApp.swift in Sources */,
				A93BE7E2C6B7FF09E348C959 /* NummernDocument.swift in Sources */,
				94C4CC6CD5CE95F8575C72AD /* ProjectFile.swift in Sources */,
				8DC6F51903CA527B6D9E7642 /* ProjectModel.swift in Sources */,
				6042EC4A04847341BBFABB89 /* ProjectStore.swift in Sources */,
				1C0713CEEC4C7655AE7F6D85 /* PythonEngineClient.swift in Sources */,
				CE65C31521B34C61110917ED /* PythonLiteralEncoder.swift in Sources */,
				4E3133FE111436B4AA335EA6 /* RangeParser.swift in Sources */,
				FCC987B218C475E1F73688ED /* RangeValue.swift in Sources */,
				2BEB6238E61CA1A9B7FFFA2C /* Rect.swift in Sources */,
				CC53D32CD24C0388FE32FDD9 /* SheetModel.swift in Sources */,
				9E6E5B0CCC53DC42BA0B23DC /* TableCellOverlay.swift in Sources */,
				A34D99D8600E93D43FC83220 /* TableGridView.swift in Sources */,
				E4624504F8A13197D4926BE4 /* TableModel.swift in Sources */,
				5518E63FAFC03F62581E9282 /* TransactionManager.swift in Sources */,
			);
			runOnlyForDeploymentPostprocessing = 0;
		};
/* End PBXSourcesBuildPhase section */

/* Begin PBXTargetDependency section */
		B60084F205286E2C78B6499E /* PBXTargetDependency */ = {
			isa = PBXTargetDependency;
			target = 8E2933E2EDB3A3DFBB79270A /* Nummern */;
			targetProxy = 1DAA9B1FBD037BB34ACF8872 /* PBXContainerItemProxy */;
		};
/* End PBXTargetDependency section */

/* Begin XCBuildConfiguration section */
		6EA7801BB9E1F92882C64F6E /* Debug */ = {
			isa = XCBuildConfiguration;
			buildSettings = {
				BUNDLE_LOADER = "$(TEST_HOST)";
				COMBINE_HIDPI_IMAGES = YES;
				DEAD_CODE_STRIPPING = YES;
				ENABLE_USER_SCRIPT_SANDBOXING = YES;
				GENERATE_INFOPLIST_FILE = YES;
				LD_RUNPATH_SEARCH_PATHS = (
					"$(inherited)",
					"@executable_path/../Frameworks",
					"@loader_path/../Frameworks",
				);
				PRODUCT_BUNDLE_IDENTIFIER = com.digitalhandstand.NummernTests;
				SDKROOT = macosx;
				SWIFT_VERSION = 5.9;
				TEST_HOST = "$(BUILT_PRODUCTS_DIR)/Nummern.app/Contents/MacOS/Nummern";
			};
			name = Debug;
		};
		7B791458F80A6C858BBC9089 /* Release */ = {
			isa = XCBuildConfiguration;
			buildSettings = {
				ASSETCATALOG_COMPILER_APPICON_NAME = AppIcon;
				COMBINE_HIDPI_IMAGES = YES;
				CURRENT_PROJECT_VERSION = 1;
				DEAD_CODE_STRIPPING = YES;
				ENABLE_USER_SCRIPT_SANDBOXING = YES;
				INFOPLIST_FILE = Config/Info.plist;
				LD_RUNPATH_SEARCH_PATHS = (
					"$(inherited)",
					"@executable_path/../Frameworks",
				);
				MARKETING_VERSION = 0.1.0;
				PRODUCT_BUNDLE_IDENTIFIER = com.digitalhandstand.nummern;
				SDKROOT = macosx;
				STRING_CATALOG_GENERATE_SYMBOLS = YES;
				SWIFT_VERSION = 5.9;
			};
			name = Release;
		};
		A3CA75000F17A18F4AB9F964 /* Debug */ = {
			isa = XCBuildConfiguration;
			buildSettings = {
				ALWAYS_SEARCH_USER_PATHS = NO;
				CLANG_ANALYZER_NONNULL = YES;
				CLANG_ANALYZER_NUMBER_OBJECT_CONVERSION = YES_AGGRESSIVE;
				CLANG_CXX_LANGUAGE_STANDARD = "gnu++14";
				CLANG_CXX_LIBRARY = "libc++";
				CLANG_ENABLE_MODULES = YES;
				CLANG_ENABLE_OBJC_ARC = YES;
				CLANG_ENABLE_OBJC_WEAK = YES;
				CLANG_WARN_BLOCK_CAPTURE_AUTORELEASING = YES;
				CLANG_WARN_BOOL_CONVERSION = YES;
				CLANG_WARN_COMMA = YES;
				CLANG_WARN_CONSTANT_CONVERSION = YES;
				CLANG_WARN_DEPRECATED_OBJC_IMPLEMENTATIONS = YES;
				CLANG_WARN_DIRECT_OBJC_ISA_USAGE = YES_ERROR;
				CLANG_WARN_DOCUMENTATION_COMMENTS = YES;
				CLANG_WARN_EMPTY_BODY = YES;
				CLANG_WARN_ENUM_CONVERSION = YES;
				CLANG_WARN_INFINITE_RECURSION = YES;
				CLANG_WARN_INT_CONVERSION = YES;
				CLANG_WARN_NON_LITERAL_NULL_CONVERSION = YES;
				CLANG_WARN_OBJC_IMPLICIT_RETAIN_SELF = YES;
				CLANG_WARN_OBJC_LITERAL_CONVERSION = YES;
				CLANG_WARN_OBJC_ROOT_CLASS = YES_ERROR;
				CLANG_WARN_QUOTED_INCLUDE_IN_FRAMEWORK_HEADER = YES;
				CLANG_WARN_RANGE_LOOP_ANALYSIS = YES;
				CLANG_WARN_STRICT_PROTOTYPES = YES;
				CLANG_WARN_SUSPICIOUS_MOVE = YES;
				CLANG_WARN_UNGUARDED_AVAILABILITY = YES_AGGRESSIVE;
				CLANG_WARN_UNREACHABLE_CODE = YES;
				CLANG_WARN__DUPLICATE_METHOD_MATCH = YES;
				COPY_PHASE_STRIP = NO;
				DEAD_CODE_STRIPPING = YES;
				DEBUG_INFORMATION_FORMAT = dwarf;
				ENABLE_GENERATED_ASSET_SYMBOL_EXTENSIONS = YES;
				ENABLE_STRICT_OBJC_MSGSEND = YES;
				ENABLE_TESTABILITY = YES;
				ENABLE_USER_SCRIPT_SANDBOXING = YES;
				GCC_C_LANGUAGE_STANDARD = gnu11;
				GCC_DYNAMIC_NO_PIC = NO;
				GCC_NO_COMMON_BLOCKS = YES;
				GCC_OPTIMIZATION_LEVEL = 0;
				GCC_PREPROCESSOR_DEFINITIONS = (
					"$(inherited)",
					"DEBUG=1",
				);
				GCC_WARN_64_TO_32_BIT_CONVERSION = YES;
				GCC_WARN_ABOUT_RETURN_TYPE = YES_ERROR;
				GCC_WARN_UNDECLARED_SELECTOR = YES;
				GCC_WARN_UNINITIALIZED_AUTOS = YES_AGGRESSIVE;
				GCC_WARN_UNUSED_FUNCTION = YES;
				GCC_WARN_UNUSED_VARIABLE = YES;
				MACOSX_DEPLOYMENT_TARGET = 14.0;
				MTL_ENABLE_DEBUG_INFO = INCLUDE_SOURCE;
				MTL_FAST_MATH = YES;
				ONLY_ACTIVE_ARCH = YES;
				PRODUCT_NAME = "$(TARGET_NAME)";
				SDKROOT = macosx;
				STRING_CATALOG_GENERATE_SYMBOLS = YES;
				SWIFT_ACTIVE_COMPILATION_CONDITIONS = DEBUG;
				SWIFT_OPTIMIZATION_LEVEL = "-Onone";
				SWIFT_VERSION = 5.0;
			};
			name = Debug;
		};
		CFD5DB870B8C0AEC1A640DBE /* Debug */ = {
			isa = XCBuildConfiguration;
			buildSettings = {
				ASSETCATALOG_COMPILER_APPICON_NAME = AppIcon;
				COMBINE_HIDPI_IMAGES = YES;
				CURRENT_PROJECT_VERSION = 1;
				DEAD_CODE_STRIPPING = YES;
				ENABLE_USER_SCRIPT_SANDBOXING = YES;
				INFOPLIST_FILE = Config/Info.plist;
				LD_RUNPATH_SEARCH_PATHS = (
					"$(inherited)",
					"@executable_path/../Frameworks",
				);
				MARKETING_VERSION = 0.1.0;
				PRODUCT_BUNDLE_IDENTIFIER = com.digitalhandstand.nummern;
				SDKROOT = macosx;
				STRING_CATALOG_GENERATE_SYMBOLS = YES;
				SWIFT_VERSION = 5.9;
			};
			name = Debug;
		};
		EA3994597767804B4C7BF0D8 /* Release */ = {
			isa = XCBuildConfiguration;
			buildSettings = {
				BUNDLE_LOADER = "$(TEST_HOST)";
				COMBINE_HIDPI_IMAGES = YES;
				DEAD_CODE_STRIPPING = YES;
				ENABLE_USER_SCRIPT_SANDBOXING = YES;
				GENERATE_INFOPLIST_FILE = YES;
				LD_RUNPATH_SEARCH_PATHS = (
					"$(inherited)",
					"@executable_path/../Frameworks",
					"@loader_path/../Frameworks",
				);
				PRODUCT_BUNDLE_IDENTIFIER = com.digitalhandstand.NummernTests;
				SDKROOT = macosx;
				SWIFT_VERSION = 5.9;
				TEST_HOST = "$(BUILT_PRODUCTS_DIR)/Nummern.app/Contents/MacOS/Nummern";
			};
			name = Release;
		};
		EF3CF4D2DA13AD3FDDC281F0 /* Release */ = {
			isa = XCBuildConfiguration;
			buildSettings = {
				ALWAYS_SEARCH_USER_PATHS = NO;
				CLANG_ANALYZER_NONNULL = YES;
				CLANG_ANALYZER_NUMBER_OBJECT_CONVERSION = YES_AGGRESSIVE;
				CLANG_CXX_LANGUAGE_STANDARD = "gnu++14";
				CLANG_CXX_LIBRARY = "libc++";
				CLANG_ENABLE_MODULES = YES;
				CLANG_ENABLE_OBJC_ARC = YES;
				CLANG_ENABLE_OBJC_WEAK = YES;
				CLANG_WARN_BLOCK_CAPTURE_AUTORELEASING = YES;
				CLANG_WARN_BOOL_CONVERSION = YES;
				CLANG_WARN_COMMA = YES;
				CLANG_WARN_CONSTANT_CONVERSION = YES;
				CLANG_WARN_DEPRECATED_OBJC_IMPLEMENTATIONS = YES;
				CLANG_WARN_DIRECT_OBJC_ISA_USAGE = YES_ERROR;
				CLANG_WARN_DOCUMENTATION_COMMENTS = YES;
				CLANG_WARN_EMPTY_BODY = YES;
				CLANG_WARN_ENUM_CONVERSION = YES;
				CLANG_WARN_INFINITE_RECURSION = YES;
				CLANG_WARN_INT_CONVERSION = YES;
				CLANG_WARN_NON_LITERAL_NULL_CONVERSION = YES;
				CLANG_WARN_OBJC_IMPLICIT_RETAIN_SELF = YES;
				CLANG_WARN_OBJC_LITERAL_CONVERSION = YES;
				CLANG_WARN_OBJC_ROOT_CLASS = YES_ERROR;
				CLANG_WARN_QUOTED_INCLUDE_IN_FRAMEWORK_HEADER = YES;
				CLANG_WARN_RANGE_LOOP_ANALYSIS = YES;
				CLANG_WARN_STRICT_PROTOTYPES = YES;
				CLANG_WARN_SUSPICIOUS_MOVE = YES;
				CLANG_WARN_UNGUARDED_AVAILABILITY = YES_AGGRESSIVE;
				CLANG_WARN_UNREACHABLE_CODE = YES;
				CLANG_WARN__DUPLICATE_METHOD_MATCH = YES;
				COPY_PHASE_STRIP = NO;
				DEAD_CODE_STRIPPING = YES;
				DEBUG_INFORMATION_FORMAT = "dwarf-with-dsym";
				ENABLE_GENERATED_ASSET_SYMBOL_EXTENSIONS = YES;
				ENABLE_NS_ASSERTIONS = NO;
				ENABLE_STRICT_OBJC_MSGSEND = YES;
				ENABLE_USER_SCRIPT_SANDBOXING = YES;
				GCC_C_LANGUAGE_STANDARD = gnu11;
				GCC_NO_COMMON_BLOCKS = YES;
				GCC_WARN_64_TO_32_BIT_CONVERSION = YES;
				GCC_WARN_ABOUT_RETURN_TYPE = YES_ERROR;
				GCC_WARN_UNDECLARED_SELECTOR = YES;
				GCC_WARN_UNINITIALIZED_AUTOS = YES_AGGRESSIVE;
				GCC_WARN_UNUSED_FUNCTION = YES;
				GCC_WARN_UNUSED_VARIABLE = YES;
				MACOSX_DEPLOYMENT_TARGET = 14.0;
				MTL_ENABLE_DEBUG_INFO = NO;
				MTL_FAST_MATH = YES;
				PRODUCT_NAME = "$(TARGET_NAME)";
				SDKROOT = macosx;
				STRING_CATALOG_GENERATE_SYMBOLS = YES;
				SWIFT_COMPILATION_MODE = wholemodule;
				SWIFT_OPTIMIZATION_LEVEL = "-O";
				SWIFT_VERSION = 5.0;
			};
			name = Release;
		};
/* End XCBuildConfiguration section */

/* Begin XCConfigurationList section */
		5012D6A2B5BF5105A3382E9A /* Build configuration list for PBXNativeTarget "NummernTests" */ = {
			isa = XCConfigurationList;
			buildConfigurations = (
				6EA7801BB9E1F92882C64F6E /* Debug */,
				EA3994597767804B4C7BF0D8 /* Release */,
			);
			defaultConfigurationIsVisible = 0;
			defaultConfigurationName = Debug;
		};
		B7BB0E3A0ACF995E106D60D6 /* Build configuration list for PBXNativeTarget "Nummern" */ = {
			isa = XCConfigurationList;
			buildConfigurations = (
				CFD5DB870B8C0AEC1A640DBE /* Debug */,
				7B791458F80A6C858BBC9089 /* Release */,
			);
			defaultConfigurationIsVisible = 0;
			defaultConfigurationName = Debug;
		};
		DC24FFE1819AB1F443C47CE3 /* Build configuration list for PBXProject "Nummern" */ = {
			isa = XCConfigurationList;
			buildConfigurations = (
				A3CA75000F17A18F4AB9F964 /* Debug */,
				EF3CF4D2DA13AD3FDDC281F0 /* Release */,
			);
			defaultConfigurationIsVisible = 0;
			defaultConfigurationName = Debug;
		};
/* End XCConfigurationList section */
	};
	rootObject = D5B9F4130D210E6938972F7B /* Project object */;
}
